
Microsoft Visual Studio Solution File, Format Version 12.00
# Visual Studio Version 17
VisualStudioVersion = 17.6.33829.357
MinimumVisualStudioVersion = 10.0.40219.1
Project("{9A19103F-16F7-4668-BE54-9A1E7A4F7556}") = "BulkyWeb", "BulkyWeb\BulkyWeb.csproj", "{6B551062-33F0-477C-9EE1-02EDCC77D369}"
EndProject
Project("{FAE04EC0-301F-11D3-BF4B-00C04F79EFBC}") = "Bulky.DataAccess", "Bulky.DataAccess\Bulky.DataAccess.csproj", "{35733889-46BF-4F1B-A38A-BF3278E65DB7}"
EndProject
Project("{FAE04EC0-301F-11D3-BF4B-00C04F79EFBC}") = "Bulky.Models", "Bulky.Models\Bulky.Models.csproj", "{00AA81E0-6ACC-4DF7-A207-6D7A98C76DC8}"
EndProject
Project("{FAE04EC0-301F-11D3-BF4B-00C04F79EFBC}") = "Bulky.Utility", "Bulky.Utility\Bulky.Utility.csproj", "{E3228FC6-E2F6-42CC-A06B-737454859384}"
EndProject
Global
	GlobalSection(SolutionConfigurationPlatforms) = preSolution
		Debug|Any CPU = Debug|Any CPU
		Release|Any CPU = Release|Any CPU
	EndGlobalSection
	GlobalSection(ProjectConfigurationPlatforms) = postSolution
		{6B551062-33F0-477C-9EE1-02EDCC77D369}.Debug|Any CPU.ActiveCfg = Debug|Any CPU
		{6B551062-33F0-477C-9EE1-02EDCC77D369}.Debug|Any CPU.Build.0 = Debug|Any CPU
		{6B551062-33F0-477C-9EE1-02EDCC77D369}.Release|Any CPU.ActiveCfg = Release|Any CPU
		{6B551062-33F0-477C-9EE1-02EDCC77D369}.Release|Any CPU.Build.0 = Release|Any CPU
		{35733889-46BF-4F1B-A38A-BF3278E65DB7}.Debug|Any CPU.ActiveCfg = Debug|Any CPU
		{35733889-46BF-4F1B-A38A-BF3278E65DB7}.Debug|Any CPU.Build.0 = Debug|Any CPU
		{35733889-46BF-4F1B-A38A-BF3278E65DB7}.Release|Any CPU.ActiveCfg = Release|Any CPU
		{35733889-46BF-4F1B-A38A-BF3278E65DB7}.Release|Any CPU.Build.0 = Release|Any CPU
		{00AA81E0-6ACC-4DF7-A207-6D7A98C76DC8}.Debug|Any CPU.ActiveCfg = Debug|Any CPU
		{00AA81E0-6ACC-4DF7-A207-6D7A98C76DC8}.Debug|Any CPU.Build.0 = Debug|Any CPU
		{00AA81E0-6ACC-4DF7-A207-6D7A98C76DC8}.Release|Any CPU.ActiveCfg = Release|Any CPU
		{00AA81E0-6ACC-4DF7-A207-6D7A98C76DC8}.Release|Any CPU.Build.0 = Release|Any CPU
		{E3228FC6-E2F6-42CC-A06B-737454859384}.Debug|Any CPU.ActiveCfg = Debug|Any CPU
		{E3228FC6-E2F6-42CC-A06B-737454859384}.Debug|Any CPU.Build.0 = Debug|Any CPU
		{E3228FC6-E2F6-42CC-A06B-737454859384}.Release|Any CPU.ActiveCfg = Release|Any CPU
		{E3228FC6-E2F6-42CC-A06B-737454859384}.Release|Any CPU.Build.0 = Release|Any CPU
	EndGlobalSection
	GlobalSection(SolutionProperties) = preSolution
		HideSolutionNode = FALSE
	EndGlobalSection
	GlobalSection(ExtensibilityGlobals) = postSolution
		SolutionGuid = {3BA312DC-7DAB-4B2C-ACEF-EB0913F6C178}
	EndGlobalSection
EndGlobal
