
Microsoft Visual Studio Solution File, Format Version 12.00
# Visual Studio Version 17
VisualStudioVersion = 17.6.33829.357
MinimumVisualStudioVersion = 10.0.40219.1
Project("{FAE04EC0-301F-11D3-BF4B-00C04F79EFBC}") = "BulkyWeb", "BulkyWeb\BulkyWeb.csproj", "{6B551062-33F0-477C-9EE1-02EDCC77D369}"
EndProject
Global
	GlobalSection(SolutionConfigurationPlatforms) = preSolution
		Debug|Any CPU = Debug|Any CPU
		Release|Any CPU = Release|Any CPU
	EndGlobalSection
	GlobalSection(ProjectConfigurationPlatforms) = postSolution
		{6B551062-33F0-477C-9EE1-02EDCC77D369}.Debug|Any CPU.ActiveCfg = Debug|Any CPU
		{6B551062-33F0-477C-9EE1-02EDCC77D369}.Debug|Any CPU.Build.0 = Debug|Any CPU
		{6B551062-33F0-477C-9EE1-02EDCC77D369}.Release|Any CPU.ActiveCfg = Release|Any CPU
		{6B551062-33F0-477C-9EE1-02EDCC77D369}.Release|Any CPU.Build.0 = Release|Any CPU
	EndGlobalSection
	GlobalSection(SolutionProperties) = preSolution
		HideSolutionNode = FALSE
	EndGlobalSection
	GlobalSection(ExtensibilityGlobals) = postSolution
		SolutionGuid = {3BA312DC-7DAB-4B2C-ACEF-EB0913F6C178}
	EndGlobalSection
EndGlobal
